github.com/sagernet/sing v0.2.18 h1:2Ce4dl0pkWft+4914NGXPb8OiQpgA8UHQ9xFOmgvKuY=
github.com/sagernet/sing v0.2.18/go.mod h1:OL6k2F0vHmEzXz2KW19qQzu172FDgSbUSODylighuVo=
golang.org/x/sys v0.14.0 h1:Vz7Qs629MkJkGyHxUlRHizWJRG2j8fbQKjELVSNhy7Q=
golang.org/x/sys v0.14.0/go.mod h1:/VUhepiaJMQUp4+oa/7Zr1D23ma6VTLIYjOOTFZPUcA=
